{
  "version": 3,
  "targets": {
    ".NETCoreApp,Version=v2.2": {
      "coveralls.net/1.0.0": {
        "type": "package"
      }
    },
    ".NETCoreApp,Version=v2.2/any": {
      "coveralls.net/1.0.0": {
        "type": "package",
        "tools": {
          "tools/netcoreapp2.1/any/BCLExtensions.dll": {},
          "tools/netcoreapp2.1/any/Beefeater.dll": {},
          "tools/netcoreapp2.1/any/DocoptNet.dll": {},
          "tools/netcoreapp2.1/any/DotnetToolSettings.xml": {},
          "tools/netcoreapp2.1/any/JetBrains.Annotations.dll": {},
          "tools/netcoreapp2.1/any/Newtonsoft.Json.dll": {},
          "tools/netcoreapp2.1/any/csmacnz.Coveralls.deps.json": {},
          "tools/netcoreapp2.1/any/csmacnz.Coveralls.dll": {},
          "tools/netcoreapp2.1/any/csmacnz.Coveralls.pdb": {},
          "tools/netcoreapp2.1/any/csmacnz.Coveralls.runtimeconfig.json": {}
        }
      }
    }
  },
  "libraries": {
    "coveralls.net/1.0.0": {
      "sha512": "KYYSw9H4m2zT+fc8nMops4nTsZ58pyGwNGI/0d8/U12Ifwa0ZxDyrLFNOsoNj2d4cDiQ4+/QWhLm/Fzowe5rHQ==",
      "type": "package",
      "path": "coveralls.net/1.0.0",
      "hasTools": true,
      "files": [
        ".nupkg.metadata",
        ".signature.p7s",
        "coveralls.net.1.0.0.nupkg.sha512",
        "coveralls.net.nuspec",
        "tools/netcoreapp2.1/any/BCLExtensions.dll",
        "tools/netcoreapp2.1/any/Beefeater.dll",
        "tools/netcoreapp2.1/any/DocoptNet.dll",
        "tools/netcoreapp2.1/any/DotnetToolSettings.xml",
        "tools/netcoreapp2.1/any/JetBrains.Annotations.dll",
        "tools/netcoreapp2.1/any/Newtonsoft.Json.dll",
        "tools/netcoreapp2.1/any/csmacnz.Coveralls.deps.json",
        "tools/netcoreapp2.1/any/csmacnz.Coveralls.dll",
        "tools/netcoreapp2.1/any/csmacnz.Coveralls.pdb",
        "tools/netcoreapp2.1/any/csmacnz.Coveralls.runtimeconfig.json"
      ]
    }
  },
  "projectFileDependencyGroups": {
    ".NETCoreApp,Version=v2.2": [
      "coveralls.net >= 1.0.0"
    ]
  },
  "packageFolders": {
    "/Users/grogers/dev/git/github/GasTracker/GasTracker.Tests/tools/.store/.stage/wcdcsx5r.nkl": {}
  },
  "project": {
    "version": "1.0.0",
    "restore": {
      "projectUniqueName": "/var/folders/td/gv2fglv1549fxdg27x4bdpfc0000gp/T/1xqcmkb1.jti/restore.csproj",
      "projectName": "restore",
      "projectPath": "/var/folders/td/gv2fglv1549fxdg27x4bdpfc0000gp/T/1xqcmkb1.jti/restore.csproj",
      "packagesPath": "/Users/grogers/dev/git/github/GasTracker/GasTracker.Tests/tools/.store/.stage/wcdcsx5r.nkl",
      "outputPath": "/Users/grogers/dev/git/github/GasTracker/GasTracker.Tests/tools/.store/.stage/wcdcsx5r.nkl/",
      "projectStyle": "DotnetToolReference",
      "configFilePaths": [
        "/Users/grogers/.nuget/NuGet/NuGet.Config"
      ],
      "originalTargetFrameworks": [
        "netcoreapp2.2"
      ],
      "sources": {
        "/usr/local/share/dotnet/sdk/NuGetFallbackFolder": {},
        "https://api.nuget.org/v3/index.json": {}
      },
      "frameworks": {
        "netcoreapp2.2": {
          "projectReferences": {}
        }
      },
      "warningProperties": {
        "warnAsError": [
          "NU1605"
        ]
      }
    },
    "frameworks": {
      "netcoreapp2.2": {
        "dependencies": {
          "coveralls.net": {
            "target": "Package",
            "version": "[1.0.0, )"
          }
        },
        "imports": [
          "net461"
        ],
        "assetTargetFallback": true,
        "warn": true
      }
    },
    "runtimes": {
      "any": {
        "#import": []
      }
    }
  }
}